<Solution>
  <Folder Name="/Solution Items/">
    <File Path="OVERVIEW.md" />
    <File Path="README.md" />
  </Folder>
  <Project Path="kc.lms.client/kc.lms.client.esproj">
    <Build />
    <Deploy />
  </Project>
  <Project Path="KC.LMS.Server/KC.LMS.Server.csproj" />
  <Project Path="KC.LMS.Service.Test/KC.LMS.Service.Test.csproj" Id="f9f27a05-e385-4519-9024-0410357be986" />
  <Project Path="KC.LMS.Service/KC.LMS.Service.csproj" />
  <Project Path="KC.LMS.Storage/KC.LMS.Storage.csproj" />
</Solution>
